<?xml version="1.0" encoding="utf-8"?>
<Project ToolsVersion="4.0" xmlns="http://schemas.microsoft.com/developer/msbuild/2003">
  <ItemGroup>
    <Filter Include="Source Files">
      <UniqueIdentifier>{4FC737F1-C7A5-4376-A066-2A32D752A2FF}</UniqueIdentifier>
      <Extensions>cpp;c;cc;cxx;c++;cppm;ixx;def;odl;idl;hpj;bat;asm;asmx</Extensions>
    </Filter>
    <Filter Include="Header Files">
      <UniqueIdentifier>{93995380-89BD-4b04-88EB-625FBE52EBFB}</UniqueIdentifier>
      <Extensions>h;hh;hpp;hxx;h++;hm;inl;inc;ipp;xsd</Extensions>
    </Filter>
    <Filter Include="Resource Files">
      <UniqueIdentifier>{67DA6AB6-F800-4c08-8B7A-83BB121AAD01}</UniqueIdentifier>
      <Extensions>rc;ico;cur;bmp;dlg;rc2;rct;bin;rgs;gif;jpg;jpeg;jpe;resx;tiff;tif;png;wav;mfcribbon-ms</Extensions>
    </Filter>
    <Filter Include="App">
      <UniqueIdentifier>{d2af1ac9-ec51-454d-a624-832ba2486369}</UniqueIdentifier>
    </Filter>
    <Filter Include="Texture">
      <UniqueIdentifier>{7ceb544f-bc1c-4d32-8b7c-ebfaf61b6ae3}</UniqueIdentifier>
    </Filter>
    <Filter Include="Draw">
      <UniqueIdentifier>{a285dcb0-1323-40e6-a6f1-df7afa276ecc}</UniqueIdentifier>
    </Filter>
    <Filter Include="Mesh">
      <UniqueIdentifier>{ec306773-ef9b-47d9-bcc7-6a2320e75762}</UniqueIdentifier>
    </Filter>
    <Filter Include="Data">
      <UniqueIdentifier>{d111ebd0-88c2-424b-96e8-f717469a0272}</UniqueIdentifier>
    </Filter>
    <Filter Include="Scene">
      <UniqueIdentifier>{1891deff-4fc8-47d8-9f8d-5e168694f135}</UniqueIdentifier>
    </Filter>
    <Filter Include="Scene\Nodes">
      <UniqueIdentifier>{0396ff77-db80-4efc-8008-9b31f09f5546}</UniqueIdentifier>
    </Filter>
    <Filter Include="Helper">
      <UniqueIdentifier>{4baaea7f-6f2b-4617-ac43-cf5b34300f03}</UniqueIdentifier>
    </Filter>
    <Filter Include="Import">
      <UniqueIdentifier>{3ae514b8-d743-4846-911a-d2e38a534d6b}</UniqueIdentifier>
    </Filter>
    <Filter Include="Renderer">
      <UniqueIdentifier>{4d9ea8d3-4c89-4ad9-ac36-c8d5d33ff269}</UniqueIdentifier>
    </Filter>
    <Filter Include="Renderer\QueueTypes">
      <UniqueIdentifier>{3f4e1aba-e35a-4459-a788-6630e44cac3b}</UniqueIdentifier>
    </Filter>
    <Filter Include="Pipeline">
      <UniqueIdentifier>{198cd760-5b06-47d9-8c46-bbfac162e6ae}</UniqueIdentifier>
    </Filter>
    <Filter Include="Material">
      <UniqueIdentifier>{c55b546f-9250-469a-97e1-063d243dfb54}</UniqueIdentifier>
    </Filter>
    <Filter Include="Input">
      <UniqueIdentifier>{29d2d345-86e0-464c-9b77-3e38963dc5eb}</UniqueIdentifier>
    </Filter>
    <Filter Include="RenderTarget">
      <UniqueIdentifier>{098dd7de-27c6-498e-a86a-d11cb5dabbb0}</UniqueIdentifier>
    </Filter>
    <Filter Include="Animation">
      <UniqueIdentifier>{72e9c780-ffcf-4e26-a11d-b1e10054a461}</UniqueIdentifier>
    </Filter>
    <Filter Include="Error">
      <UniqueIdentifier>{b9c600b0-37ea-403e-b942-3ccecf2bd520}</UniqueIdentifier>
    </Filter>
    <Filter Include="PostProcess">
      <UniqueIdentifier>{5f9e0fa5-9e35-4481-943a-23da9d1f086f}</UniqueIdentifier>
    </Filter>
    <Filter Include="Pipeline\PP">
      <UniqueIdentifier>{7d5f5bf0-a01a-4c9f-8ebb-4edf609fa4e4}</UniqueIdentifier>
    </Filter>
    <Filter Include="UI">
      <UniqueIdentifier>{567b66d7-86ac-45f4-8594-c822c71d3651}</UniqueIdentifier>
    </Filter>
    <Filter Include="UI\Controls">
      <UniqueIdentifier>{a5375a25-8e07-4e97-8537-1c7974a01988}</UniqueIdentifier>
    </Filter>
    <Filter Include="UI\Themes">
      <UniqueIdentifier>{b3226cc5-6219-447f-b1c3-5c1b12d6be5b}</UniqueIdentifier>
    </Filter>
    <Filter Include="Trigger">
      <UniqueIdentifier>{554543ac-c132-4143-b9b8-cba7a2ef25b0}</UniqueIdentifier>
    </Filter>
    <Filter Include="Chip8">
      <UniqueIdentifier>{41528f38-96a0-4188-8a9d-29cef92a0eb3}</UniqueIdentifier>
    </Filter>
    <Filter Include="Module">
      <UniqueIdentifier>{3d38198c-fd61-4368-b337-218fbcf097f1}</UniqueIdentifier>
    </Filter>
    <Filter Include="Project">
      <UniqueIdentifier>{33e5fc57-3671-4d71-9821-0da68caacd80}</UniqueIdentifier>
    </Filter>
  </ItemGroup>
  <ItemGroup>
    <ClInclude Include="framework.h">
      <Filter>Header Files</Filter>
    </ClInclude>
    <ClInclude Include="pch.h">
      <Filter>Header Files</Filter>
    </ClInclude>
    <ClInclude Include="SynApp.h">
      <Filter>App</Filter>
    </ClInclude>
    <ClInclude Include="TextureBase.h">
      <Filter>Texture</Filter>
    </ClInclude>
    <ClInclude Include="Texture2D.h">
      <Filter>Texture</Filter>
    </ClInclude>
    <ClInclude Include="AppState.h">
      <Filter>App</Filter>
    </ClInclude>
    <ClInclude Include="SmartDraw.h">
      <Filter>Draw</Filter>
    </ClInclude>
    <ClInclude Include="Mesh.h">
      <Filter>Mesh</Filter>
    </ClInclude>
    <ClInclude Include="Vertex3D.h">
      <Filter>Mesh</Filter>
    </ClInclude>
    <ClInclude Include="Triangle.h">
      <Filter>Header Files</Filter>
    </ClInclude>
    <ClInclude Include="PipelineBase.h">
      <Filter>Pipeline</Filter>
    </ClInclude>
    <ClInclude Include="Pipeline2D.h">
      <Filter>Pipeline</Filter>
    </ClInclude>
    <ClInclude Include="SceneGraph.h">
      <Filter>Scene</Filter>
    </ClInclude>
    <ClInclude Include="Node3D.h">
      <Filter>Scene\Nodes</Filter>
    </ClInclude>
    <ClInclude Include="Entity.h">
      <Filter>Scene\Nodes</Filter>
    </ClInclude>
    <ClInclude Include="StringHelper.h">
      <Filter>Helper</Filter>
    </ClInclude>
    <ClInclude Include="RndNum.h">
      <Filter>Helper</Filter>
    </ClInclude>
    <ClInclude Include="Importer.h">
      <Filter>Import</Filter>
    </ClInclude>
    <ClInclude Include="Renderer.h">
      <Filter>Renderer</Filter>
    </ClInclude>
    <ClInclude Include="RenderQueue.h">
      <Filter>Renderer</Filter>
    </ClInclude>
    <ClInclude Include="QueueNode.h">
      <Filter>Renderer\QueueTypes</Filter>
    </ClInclude>
    <ClInclude Include="QueueRenderEntity.h">
      <Filter>Renderer\QueueTypes</Filter>
    </ClInclude>
    <ClInclude Include="Material.h">
      <Filter>Material</Filter>
    </ClInclude>
    <ClInclude Include="QueueRenderScene.h">
      <Filter>Renderer\QueueTypes</Filter>
    </ClInclude>
    <ClInclude Include="Light.h">
      <Filter>Scene\Nodes</Filter>
    </ClInclude>
    <ClInclude Include="QueueSetLights.h">
      <Filter>Renderer\QueueTypes</Filter>
    </ClInclude>
    <ClInclude Include="Pipeline3DLight.h">
      <Filter>Pipeline</Filter>
    </ClInclude>
    <ClInclude Include="Pipeline3DBasic.h">
      <Filter>Pipeline</Filter>
    </ClInclude>
    <ClInclude Include="Camera.h">
      <Filter>Scene\Nodes</Filter>
    </ClInclude>
    <ClInclude Include="QueueSetCamera.h">
      <Filter>Renderer\QueueTypes</Filter>
    </ClInclude>
    <ClInclude Include="AppInput.h">
      <Filter>Input</Filter>
    </ClInclude>
    <ClInclude Include="PipelineDepth.h">
      <Filter>Pipeline</Filter>
    </ClInclude>
    <ClInclude Include="QueueRenderShadows.h">
      <Filter>Renderer\QueueTypes</Filter>
    </ClInclude>
    <ClInclude Include="RenderTargetCube.h">
      <Filter>RenderTarget</Filter>
    </ClInclude>
    <ClInclude Include="Actor.h">
      <Filter>Scene\Nodes</Filter>
    </ClInclude>
    <ClInclude Include="BoneInfo.h">
      <Filter>Animation</Filter>
    </ClInclude>
    <ClInclude Include="Debug.h">
      <Filter>Error</Filter>
    </ClInclude>
    <ClInclude Include="Animation.h">
      <Filter>Animation</Filter>
    </ClInclude>
    <ClInclude Include="Bone.h">
      <Filter>Animation</Filter>
    </ClInclude>
    <ClInclude Include="AssimpNodeData.h">
      <Filter>Animation</Filter>
    </ClInclude>
    <ClInclude Include="Animator.h">
      <Filter>Animation</Filter>
    </ClInclude>
    <ClInclude Include="Pipeline3DActorLight.h">
      <Filter>Pipeline</Filter>
    </ClInclude>
    <ClInclude Include="PathHelper.h">
      <Filter>Helper</Filter>
    </ClInclude>
    <ClInclude Include="PipelineActorDepth.h">
      <Filter>Pipeline</Filter>
    </ClInclude>
    <ClInclude Include="RenderTarget2D.h">
      <Filter>RenderTarget</Filter>
    </ClInclude>
    <ClInclude Include="QueueBindRenderTarget2D.h">
      <Filter>Renderer\QueueTypes</Filter>
    </ClInclude>
    <ClInclude Include="QueueReleaseRenderTarget2D.h">
      <Filter>Renderer\QueueTypes</Filter>
    </ClInclude>
    <ClInclude Include="QueueRenderPostProcess.h">
      <Filter>Renderer\QueueTypes</Filter>
    </ClInclude>
    <ClInclude Include="PostProcess.h">
      <Filter>PostProcess</Filter>
    </ClInclude>
    <ClInclude Include="PPBloom.h">
      <Filter>PostProcess</Filter>
    </ClInclude>
    <ClInclude Include="PipelineColorLimit.h">
      <Filter>Pipeline\PP</Filter>
    </ClInclude>
    <ClInclude Include="PipelineBlur.h">
      <Filter>Pipeline\PP</Filter>
    </ClInclude>
    <ClInclude Include="PipelineCombine.h">
      <Filter>Pipeline\PP</Filter>
    </ClInclude>
    <ClInclude Include="QueuePresentRenderTarget.h">
      <Filter>Renderer\QueueTypes</Filter>
    </ClInclude>
    <ClInclude Include="PPDepthOfField.h">
      <Filter>PostProcess</Filter>
    </ClInclude>
    <ClInclude Include="PipelineDOF.h">
      <Filter>Pipeline\PP</Filter>
    </ClInclude>
    <ClInclude Include="SynUI.h">
      <Filter>UI</Filter>
    </ClInclude>
    <ClInclude Include="IControl.h">
      <Filter>UI</Filter>
    </ClInclude>
    <ClInclude Include="IButton.h">
      <Filter>UI\Controls</Filter>
    </ClInclude>
    <ClInclude Include="ThemeArc.h">
      <Filter>UI\Themes</Filter>
    </ClInclude>
    <ClInclude Include="ITheme.h">
      <Filter>UI</Filter>
    </ClInclude>
    <ClInclude Include="FontRender.h">
      <Filter>Header Files</Filter>
    </ClInclude>
    <ClInclude Include="stb_image.h">
      <Filter>Header Files</Filter>
    </ClInclude>
    <ClInclude Include="stb_truetype.h">
      <Filter>Header Files</Filter>
    </ClInclude>
    <ClInclude Include="IWindow.h">
      <Filter>UI\Controls</Filter>
    </ClInclude>
    <ClInclude Include="IFrame.h">
      <Filter>UI\Controls</Filter>
    </ClInclude>
    <ClInclude Include="ITextBox.h">
      <Filter>UI\Controls</Filter>
    </ClInclude>
    <ClInclude Include="IVScroller.h">
      <Filter>UI\Controls</Filter>
    </ClInclude>
    <ClInclude Include="ITreeView.h">
      <Filter>UI\Controls</Filter>
    </ClInclude>
    <ClInclude Include="IMenuBar.h">
      <Filter>UI\Controls</Filter>
    </ClInclude>
    <ClInclude Include="IWindowBar.h">
      <Filter>Header Files</Filter>
    </ClInclude>
    <ClInclude Include="IVMenu.h">
      <Filter>UI\Controls</Filter>
    </ClInclude>
    <ClInclude Include="MenuData.h">
      <Filter>UI\Controls</Filter>
    </ClInclude>
    <ClInclude Include="IDragZone.h">
      <Filter>UI\Controls</Filter>
    </ClInclude>
    <ClInclude Include="IWindowDragger.h">
      <Filter>Header Files</Filter>
    </ClInclude>
    <ClInclude Include="IWindowDock.h">
      <Filter>UI\Controls</Filter>
    </ClInclude>
    <ClInclude Include="TriggerLook.h">
      <Filter>Trigger</Filter>
    </ClInclude>
    <ClInclude Include="IWindowTitle.h">
      <Filter>UI\Controls</Filter>
    </ClInclude>
    <ClInclude Include="IWindowContent.h">
      <Filter>UI\Controls</Filter>
    </ClInclude>
    <ClInclude Include="IList.h">
      <Filter>UI\Controls</Filter>
    </ClInclude>
    <ClInclude Include="ISelector.h">
      <Filter>UI\Controls</Filter>
    </ClInclude>
    <ClInclude Include="IToolbar.h">
      <Filter>UI\Controls</Filter>
    </ClInclude>
    <ClInclude Include="IImage.h">
      <Filter>UI\Controls</Filter>
    </ClInclude>
    <ClInclude Include="ILabel.h">
      <Filter>UI\Controls</Filter>
    </ClInclude>
    <ClInclude Include="INumeric.h">
      <Filter>UI\Controls</Filter>
    </ClInclude>
    <ClInclude Include="IAngleSelect.h">
      <Filter>UI\Controls</Filter>
    </ClInclude>
    <ClInclude Include="IDial.h">
      <Filter>UI\Controls</Filter>
    </ClInclude>
    <ClInclude Include="IProgressBar.h">
      <Filter>UI\Controls</Filter>
    </ClInclude>
    <ClInclude Include="IToggle.h">
      <Filter>UI\Controls</Filter>
    </ClInclude>
    <ClInclude Include="IDropButtons.h">
      <Filter>UI\Controls</Filter>
    </ClInclude>
    <ClInclude Include="IVectorList.h">
      <Filter>UI\Controls</Filter>
    </ClInclude>
    <ClInclude Include="SynObject.h">
      <Filter>Header Files</Filter>
    </ClInclude>
    <ClInclude Include="SynModule.h">
      <Filter>Module</Filter>
    </ClInclude>
    <ClInclude Include="NodeController.h">
      <Filter>Module</Filter>
    </ClInclude>
    <ClInclude Include="SynData.h">
      <Filter>Module</Filter>
    </ClInclude>
    <ClInclude Include="SynClass.h">
      <Filter>Module</Filter>
    </ClInclude>
    <ClInclude Include="SynergyHeaders.h">
      <Filter>Header Files</Filter>
    </ClInclude>
    <ClInclude Include="VFile.h">
      <Filter>Header Files</Filter>
    </ClInclude>
    <ClInclude Include="GameProject.h">
      <Filter>Project</Filter>
    </ClInclude>
    <ClInclude Include="IFileRequestor.h">
      <Filter>UI\Controls</Filter>
    </ClInclude>
  </ItemGroup>
  <ItemGroup>
    <ClCompile Include="Synergy.cpp">
      <Filter>Source Files</Filter>
    </ClCompile>
    <ClCompile Include="pch.cpp">
      <Filter>Source Files</Filter>
    </ClCompile>
    <ClCompile Include="SynApp.cpp">
      <Filter>App</Filter>
    </ClCompile>
    <ClCompile Include="TextureBase.cpp">
      <Filter>Texture</Filter>
    </ClCompile>
    <ClCompile Include="Texture2D.cpp">
      <Filter>Texture</Filter>
    </ClCompile>
    <ClCompile Include="AppState.cpp">
      <Filter>App</Filter>
    </ClCompile>
    <ClCompile Include="SmartDraw.cpp">
      <Filter>Draw</Filter>
    </ClCompile>
    <ClCompile Include="Mesh.cpp">
      <Filter>Mesh</Filter>
    </ClCompile>
    <ClCompile Include="Vertex3D.cpp">
      <Filter>Source Files</Filter>
    </ClCompile>
    <ClCompile Include="Triangle.cpp">
      <Filter>Source Files</Filter>
    </ClCompile>
    <ClCompile Include="PipelineBase.cpp">
      <Filter>Pipeline</Filter>
    </ClCompile>
    <ClCompile Include="Pipeline2D.cpp">
      <Filter>Pipeline</Filter>
    </ClCompile>
    <ClCompile Include="SceneGraph.cpp">
      <Filter>Scene</Filter>
    </ClCompile>
    <ClCompile Include="Node3D.cpp">
      <Filter>Scene\Nodes</Filter>
    </ClCompile>
    <ClCompile Include="Entity.cpp">
      <Filter>Scene\Nodes</Filter>
    </ClCompile>
    <ClCompile Include="Importer.cpp">
      <Filter>Import</Filter>
    </ClCompile>
    <ClCompile Include="Renderer.cpp">
      <Filter>Renderer</Filter>
    </ClCompile>
    <ClCompile Include="RenderQueue.cpp">
      <Filter>Renderer</Filter>
    </ClCompile>
    <ClCompile Include="QueueNode.cpp">
      <Filter>Renderer\QueueTypes</Filter>
    </ClCompile>
    <ClCompile Include="QueueRenderEntity.cpp">
      <Filter>Renderer\QueueTypes</Filter>
    </ClCompile>
    <ClCompile Include="Material.cpp">
      <Filter>Material</Filter>
    </ClCompile>
    <ClCompile Include="QueueRenderScene.cpp">
      <Filter>Renderer\QueueTypes</Filter>
    </ClCompile>
    <ClCompile Include="Light.cpp">
      <Filter>Scene\Nodes</Filter>
    </ClCompile>
    <ClCompile Include="QueueSetLights.cpp">
      <Filter>Renderer\QueueTypes</Filter>
    </ClCompile>
    <ClCompile Include="Pipeline3DLight.cpp">
      <Filter>Pipeline</Filter>
    </ClCompile>
    <ClCompile Include="Pipeline3DBasic.cpp">
      <Filter>Pipeline</Filter>
    </ClCompile>
    <ClCompile Include="Camera.cpp">
      <Filter>Scene\Nodes</Filter>
    </ClCompile>
    <ClCompile Include="QueueSetCamera.cpp">
      <Filter>Renderer\QueueTypes</Filter>
    </ClCompile>
    <ClCompile Include="AppInput.cpp">
      <Filter>Input</Filter>
    </ClCompile>
    <ClCompile Include="PipelineDepth.cpp">
      <Filter>Pipeline</Filter>
    </ClCompile>
    <ClCompile Include="QueueRenderShadows.cpp">
      <Filter>Renderer\QueueTypes</Filter>
    </ClCompile>
    <ClCompile Include="RenderTargetCube.cpp">
      <Filter>RenderTarget</Filter>
    </ClCompile>
    <ClCompile Include="Actor.cpp">
      <Filter>Scene\Nodes</Filter>
    </ClCompile>
    <ClCompile Include="BoneInfo.cpp">
      <Filter>Animation</Filter>
    </ClCompile>
    <ClCompile Include="Debug.cpp">
      <Filter>Error</Filter>
    </ClCompile>
    <ClCompile Include="Animation.cpp">
      <Filter>Animation</Filter>
    </ClCompile>
    <ClCompile Include="Bone.cpp">
      <Filter>Animation</Filter>
    </ClCompile>
    <ClCompile Include="AssimpNodeData.cpp">
      <Filter>Animation</Filter>
    </ClCompile>
    <ClCompile Include="Animator.cpp">
      <Filter>Animation</Filter>
    </ClCompile>
    <ClCompile Include="Pipeline3DActorLight.cpp">
      <Filter>Pipeline</Filter>
    </ClCompile>
    <ClCompile Include="PipelineActorDepth.cpp">
      <Filter>Pipeline</Filter>
    </ClCompile>
    <ClCompile Include="RenderTarget2D.cpp">
      <Filter>RenderTarget</Filter>
    </ClCompile>
    <ClCompile Include="QueueBindRenderTarget2D.cpp">
      <Filter>Renderer\QueueTypes</Filter>
    </ClCompile>
    <ClCompile Include="QueueReleaseRenderTarget2D.cpp">
      <Filter>Renderer\QueueTypes</Filter>
    </ClCompile>
    <ClCompile Include="QueueRenderPostProcess.cpp">
      <Filter>Renderer\QueueTypes</Filter>
    </ClCompile>
    <ClCompile Include="PostProcess.cpp">
      <Filter>PostProcess</Filter>
    </ClCompile>
    <ClCompile Include="PPBloom.cpp">
      <Filter>PostProcess</Filter>
    </ClCompile>
    <ClCompile Include="PipelineColorLimit.cpp">
      <Filter>Pipeline\PP</Filter>
    </ClCompile>
    <ClCompile Include="PipelineBlur.cpp">
      <Filter>Pipeline\PP</Filter>
    </ClCompile>
    <ClCompile Include="PipelineCombine.cpp">
      <Filter>Pipeline\PP</Filter>
    </ClCompile>
    <ClCompile Include="QueuePresentRenderTarget.cpp">
      <Filter>Renderer\QueueTypes</Filter>
    </ClCompile>
    <ClCompile Include="PPDepthOfField.cpp">
      <Filter>PostProcess</Filter>
    </ClCompile>
    <ClCompile Include="PipelineDOF.cpp">
      <Filter>Pipeline\PP</Filter>
    </ClCompile>
    <ClCompile Include="SynUI.cpp">
      <Filter>UI</Filter>
    </ClCompile>
    <ClCompile Include="IControl.cpp">
      <Filter>UI</Filter>
    </ClCompile>
    <ClCompile Include="IButton.cpp">
      <Filter>UI\Controls</Filter>
    </ClCompile>
    <ClCompile Include="ThemeArc.cpp">
      <Filter>UI\Themes</Filter>
    </ClCompile>
    <ClCompile Include="ITheme.cpp">
      <Filter>UI</Filter>
    </ClCompile>
    <ClCompile Include="FontRender.cpp">
      <Filter>Source Files</Filter>
    </ClCompile>
    <ClCompile Include="IWindow.cpp">
      <Filter>UI\Controls</Filter>
    </ClCompile>
    <ClCompile Include="IFrame.cpp">
      <Filter>UI\Controls</Filter>
    </ClCompile>
    <ClCompile Include="ITextBox.cpp">
      <Filter>UI\Controls</Filter>
    </ClCompile>
    <ClCompile Include="IVScroller.cpp">
      <Filter>UI\Controls</Filter>
    </ClCompile>
    <ClCompile Include="ITreeView.cpp">
      <Filter>UI\Controls</Filter>
    </ClCompile>
    <ClCompile Include="IMenuBar.cpp">
      <Filter>UI\Controls</Filter>
    </ClCompile>
    <ClCompile Include="IWindowBar.cpp">
      <Filter>Source Files</Filter>
    </ClCompile>
    <ClCompile Include="IVMenu.cpp">
      <Filter>UI\Controls</Filter>
    </ClCompile>
    <ClCompile Include="IDragZone.cpp">
      <Filter>UI\Controls</Filter>
    </ClCompile>
    <ClCompile Include="IWindowDragger.cpp">
      <Filter>Source Files</Filter>
    </ClCompile>
    <ClCompile Include="IWindowDock.cpp">
      <Filter>UI\Controls</Filter>
    </ClCompile>
    <ClCompile Include="TriggerLook.cpp">
      <Filter>Trigger</Filter>
    </ClCompile>
    <ClCompile Include="IWindowTitle.cpp">
      <Filter>UI\Controls</Filter>
    </ClCompile>
    <ClCompile Include="IWindowContent.cpp">
      <Filter>UI\Controls</Filter>
    </ClCompile>
    <ClCompile Include="IList.cpp">
      <Filter>UI\Controls</Filter>
    </ClCompile>
    <ClCompile Include="ISelector.cpp">
      <Filter>UI\Controls</Filter>
    </ClCompile>
    <ClCompile Include="IToolbar.cpp">
      <Filter>UI\Controls</Filter>
    </ClCompile>
    <ClCompile Include="IImage.cpp">
      <Filter>UI\Controls</Filter>
    </ClCompile>
    <ClCompile Include="ILabel.cpp">
      <Filter>UI\Controls</Filter>
    </ClCompile>
    <ClCompile Include="INumeric.cpp">
      <Filter>UI\Controls</Filter>
    </ClCompile>
    <ClCompile Include="IAngleSelect.cpp">
      <Filter>UI\Controls</Filter>
    </ClCompile>
    <ClCompile Include="IDial.cpp">
      <Filter>UI\Controls</Filter>
    </ClCompile>
    <ClCompile Include="IProgressBar.cpp">
      <Filter>UI\Controls</Filter>
    </ClCompile>
    <ClCompile Include="IToggle.cpp">
      <Filter>UI\Controls</Filter>
    </ClCompile>
    <ClCompile Include="IDropButtons.cpp">
      <Filter>UI\Controls</Filter>
    </ClCompile>
    <ClCompile Include="IVectorList.cpp">
      <Filter>UI\Controls</Filter>
    </ClCompile>
    <ClCompile Include="SynObject.cpp">
      <Filter>Source Files</Filter>
    </ClCompile>
    <ClCompile Include="SynModule.cpp">
      <Filter>Module</Filter>
    </ClCompile>
    <ClCompile Include="NodeController.cpp">
      <Filter>Module</Filter>
    </ClCompile>
    <ClCompile Include="SynData.cpp">
      <Filter>Module</Filter>
    </ClCompile>
    <ClCompile Include="SynClass.cpp">
      <Filter>Module</Filter>
    </ClCompile>
    <ClCompile Include="VFile.cpp">
      <Filter>Source Files</Filter>
    </ClCompile>
    <ClCompile Include="GameProject.cpp">
      <Filter>Project</Filter>
    </ClCompile>
    <ClCompile Include="IFileRequestor.cpp">
      <Filter>UI\Controls</Filter>
    </ClCompile>
  </ItemGroup>
  <ItemGroup>
    <None Include="packages.config" />
  </ItemGroup>
</Project>