<?xml version="1.0" encoding="utf-8"?>
<Project ToolsVersion="4.0" xmlns="http://schemas.microsoft.com/developer/msbuild/2003">
  <ItemGroup>
    <Filter Include="Source Files">
      <UniqueIdentifier>{4FC737F1-C7A5-4376-A066-2A32D752A2FF}</UniqueIdentifier>
      <Extensions>cpp;c;cc;cxx;c++;cppm;ixx;def;odl;idl;hpj;bat;asm;asmx</Extensions>
    </Filter>
    <Filter Include="Header Files">
      <UniqueIdentifier>{93995380-89BD-4b04-88EB-625FBE52EBFB}</UniqueIdentifier>
      <Extensions>h;hh;hpp;hxx;h++;hm;inl;inc;ipp;xsd</Extensions>
    </Filter>
    <Filter Include="Resource Files">
      <UniqueIdentifier>{67DA6AB6-F800-4c08-8B7A-83BB121AAD01}</UniqueIdentifier>
      <Extensions>rc;ico;cur;bmp;dlg;rc2;rct;bin;rgs;gif;jpg;jpeg;jpe;resx;tiff;tif;png;wav;mfcribbon-ms</Extensions>
    </Filter>
    <Filter Include="App">
      <UniqueIdentifier>{3d572f47-2e47-4169-a9fb-abb406476485}</UniqueIdentifier>
    </Filter>
    <Filter Include="State">
      <UniqueIdentifier>{37cd361b-8031-478b-9df9-b7e958bc047d}</UniqueIdentifier>
    </Filter>
    <Filter Include="Windows">
      <UniqueIdentifier>{39b6e6e5-f5d7-47c4-982e-df76eaf11c4b}</UniqueIdentifier>
    </Filter>
    <Filter Include="Windows\ResourcesEditor">
      <UniqueIdentifier>{482f4c0b-1cf2-4ae8-8584-6e2ccf99a901}</UniqueIdentifier>
    </Filter>
    <Filter Include="SceneEditor">
      <UniqueIdentifier>{6a98d83e-4663-4897-a19a-16bfdf65a26c}</UniqueIdentifier>
    </Filter>
    <Filter Include="SceneEditor\GraphExplorer">
      <UniqueIdentifier>{431b9c7c-e1b7-4367-9338-1d218b88398e}</UniqueIdentifier>
    </Filter>
    <Filter Include="SceneEditor\Toolbars">
      <UniqueIdentifier>{db222977-7499-4098-85cf-0aedf09fc99c}</UniqueIdentifier>
    </Filter>
    <Filter Include="SceneEditor\Global">
      <UniqueIdentifier>{731939bd-95b7-44ee-9892-0a89b338f88d}</UniqueIdentifier>
    </Filter>
    <Filter Include="SceneEditor\SceneViewer">
      <UniqueIdentifier>{d4738b37-cd05-45b6-bfcb-50bcc317d426}</UniqueIdentifier>
    </Filter>
    <Filter Include="SceneEditor\Menubars">
      <UniqueIdentifier>{b3d106d1-9704-4c16-b119-eb3efe762a2d}</UniqueIdentifier>
    </Filter>
    <Filter Include="Windows\Import">
      <UniqueIdentifier>{fdaf2ea9-00c2-4d39-8aa3-caa3c11f271f}</UniqueIdentifier>
    </Filter>
  </ItemGroup>
  <ItemGroup>
    <ClInclude Include="SynEditor.h">
      <Filter>App</Filter>
    </ClInclude>
    <ClInclude Include="MainEditorState.h">
      <Filter>State</Filter>
    </ClInclude>
    <ClInclude Include="GeneralOSState.h">
      <Filter>State</Filter>
    </ClInclude>
    <ClInclude Include="ProjectEditorState.h">
      <Filter>State</Filter>
    </ClInclude>
    <ClInclude Include="ResourcesEditorState.h">
      <Filter>State</Filter>
    </ClInclude>
    <ClInclude Include="NewGroupWindow.h">
      <Filter>Windows\ResourcesEditor</Filter>
    </ClInclude>
    <ClInclude Include="NewResourcesWindow.h">
      <Filter>Windows\ResourcesEditor</Filter>
    </ClInclude>
    <ClInclude Include="ResourcesTesterState.h">
      <Filter>State</Filter>
    </ClInclude>
    <ClInclude Include="ProjectResourceUsageState.h">
      <Filter>State</Filter>
    </ClInclude>
    <ClInclude Include="SceneEditorState.h">
      <Filter>State</Filter>
    </ClInclude>
    <ClInclude Include="SE_GraphExplorer.h">
      <Filter>SceneEditor\GraphExplorer</Filter>
    </ClInclude>
    <ClInclude Include="SE_MainToolbar.h">
      <Filter>SceneEditor\Toolbars</Filter>
    </ClInclude>
    <ClInclude Include="SE_Global.h">
      <Filter>SceneEditor\Global</Filter>
    </ClInclude>
    <ClInclude Include="SE_Viewer.h">
      <Filter>SceneEditor\SceneViewer</Filter>
    </ClInclude>
    <ClInclude Include="SE_MainMenubar.h">
      <Filter>SceneEditor\Menubars</Filter>
    </ClInclude>
    <ClInclude Include="ImportMedia.h">
      <Filter>Windows\Import</Filter>
    </ClInclude>
  </ItemGroup>
  <ItemGroup>
    <ClCompile Include="SynEdit.cpp" />
    <ClCompile Include="SynEditor.cpp">
      <Filter>App</Filter>
    </ClCompile>
    <ClCompile Include="MainEditorState.cpp">
      <Filter>State</Filter>
    </ClCompile>
    <ClCompile Include="GeneralOSState.cpp">
      <Filter>State</Filter>
    </ClCompile>
    <ClCompile Include="ProjectEditorState.cpp">
      <Filter>State</Filter>
    </ClCompile>
    <ClCompile Include="ResourcesEditorState.cpp">
      <Filter>State</Filter>
    </ClCompile>
    <ClCompile Include="NewGroupWindow.cpp">
      <Filter>Windows\ResourcesEditor</Filter>
    </ClCompile>
    <ClCompile Include="NewResourcesWindow.cpp">
      <Filter>Windows\ResourcesEditor</Filter>
    </ClCompile>
    <ClCompile Include="ResourcesTesterState.cpp">
      <Filter>State</Filter>
    </ClCompile>
    <ClCompile Include="ProjectResourceUsageState.cpp">
      <Filter>State</Filter>
    </ClCompile>
    <ClCompile Include="SceneEditorState.cpp">
      <Filter>State</Filter>
    </ClCompile>
    <ClCompile Include="SE_GraphExplorer.cpp">
      <Filter>SceneEditor\GraphExplorer</Filter>
    </ClCompile>
    <ClCompile Include="SE_MainToolbar.cpp">
      <Filter>SceneEditor\Toolbars</Filter>
    </ClCompile>
    <ClCompile Include="SE_Global.cpp">
      <Filter>SceneEditor\Global</Filter>
    </ClCompile>
    <ClCompile Include="SE_Viewer.cpp">
      <Filter>SceneEditor\SceneViewer</Filter>
    </ClCompile>
    <ClCompile Include="SE_MainMenubar.cpp">
      <Filter>SceneEditor\Menubars</Filter>
    </ClCompile>
    <ClCompile Include="ImportMedia.cpp">
      <Filter>Windows\Import</Filter>
    </ClCompile>
  </ItemGroup>
</Project>